PODS:
  - CocoaAsyncSocket (7.6.5)
  - Flutter (1.0.0)
  - geocoding_ios (1.0.5):
    - Flutter
  - geolocator_apple (1.2.0):
    - Flutter
  - HTTPParserC (2.9.4)
  - path_provider_foundation (0.0.1):
    - Flutter
    - FlutterMacOS
  - patrol (0.0.1):
    - Flutter
    - Telegraph (~> 0.30.0)
  - Telegraph (0.30.0):
    - CocoaAsyncSocket (~> 7.6)
    - HTTPParserC (~> 2.9)

DEPENDENCIES:
  - Flutter (from `Flutter`)
  - geocoding_ios (from `.symlinks/plugins/geocoding_ios/ios`)
  - geolocator_apple (from `.symlinks/plugins/geolocator_apple/ios`)
  - path_provider_foundation (from `.symlinks/plugins/path_provider_foundation/darwin`)
  - patrol (from `.symlinks/plugins/patrol/ios`)

SPEC REPOS:
  trunk:
    - CocoaAsyncSocket
    - HTTPParserC
    - Telegraph

EXTERNAL SOURCES:
  Flutter:
    :path: Flutter
  geocoding_ios:
    :path: ".symlinks/plugins/geocoding_ios/ios"
  geolocator_apple:
    :path: ".symlinks/plugins/geolocator_apple/ios"
  path_provider_foundation:
    :path: ".symlinks/plugins/path_provider_foundation/darwin"
  patrol:
    :path: ".symlinks/plugins/patrol/ios"

SPEC CHECKSUMS:
  CocoaAsyncSocket: 065fd1e645c7abab64f7a6a2007a48038fdc6a99
  Flutter: f04841e97a9d0b0a8025694d0796dd46242b2854
  geocoding_ios: a389ea40f6f548de6e63006a2e31bf66ff80769a
  geolocator_apple: cc556e6844d508c95df1e87e3ea6fa4e58c50401
  HTTPParserC: aea14c3d2d4ac5beb3988781daa36dfa62e0d9ef
  path_provider_foundation: 29f094ae23ebbca9d3d0cec13889cd9060c0e943
  patrol: 792c0bb6cc4d552fc8b37f49266341c39e659b4d
  Telegraph: 12576b119324138e4929792af9e5a1085c2ecbc1

PODFILE CHECKSUM: 52d78998d6c9a801eb6ce3f049cbca234d9e6837

COCOAPODS: 1.12.1
